// !$*UTF8*$!
{
	archiveVersion = 1;
	classes = {
	};
	objectVersion = 50;
	objects = {

/* Begin PBXBuildFile section */
		131AB21A238B6EB6000476A3 /* ADCDN.framework in Frameworks */ = {isa = PBXBuildFile; fileRef = 131AB219238B6EB6000476A3 /* ADCDN.framework */; };
		135E4A1B2387E787008D3E44 /* ADCDN_NativeViewController.m in Sources */ = {isa = PBXBuildFile; fileRef = 135E4A0B2387E785008D3E44 /* ADCDN_NativeViewController.m */; };
		135E4A1C2387E787008D3E44 /* ADCDN_NavigationController.m in Sources */ = {isa = PBXBuildFile; fileRef = 135E4A0F2387E785008D3E44 /* ADCDN_NavigationController.m */; };
		135E4A1D2387E787008D3E44 /* ADCDN_ViewController.m in Sources */ = {isa = PBXBuildFile; fileRef = 135E4A102387E785008D3E44 /* ADCDN_ViewController.m */; };
		135E4A1E2387E787008D3E44 /* ADCDN_NativeRenderViewController.m in Sources */ = {isa = PBXBuildFile; fileRef = 135E4A112387E786008D3E44 /* ADCDN_NativeRenderViewController.m */; };
		135E4A1F2387E787008D3E44 /* ADCDN_UnRewardViewController.m in Sources */ = {isa = PBXBuildFile; fileRef = 135E4A122387E786008D3E44 /* ADCDN_UnRewardViewController.m */; };
		135E4A202387E787008D3E44 /* ADCDN_VideoViewController.m in Sources */ = {isa = PBXBuildFile; fileRef = 135E4A142387E786008D3E44 /* ADCDN_VideoViewController.m */; };
		135E4A212387E787008D3E44 /* ADCDN_RewardViewController.m in Sources */ = {isa = PBXBuildFile; fileRef = 135E4A162387E786008D3E44 /* ADCDN_RewardViewController.m */; };
		135E4A362387E7D6008D3E44 /* ADCDN_NativeExpressViewController.m in Sources */ = {isa = PBXBuildFile; fileRef = 135E4A262387E7D6008D3E44 /* ADCDN_NativeExpressViewController.m */; };
		135E4A372387E7D6008D3E44 /* ADCDN_UnRewardFullscreenVideoViewController.m in Sources */ = {isa = PBXBuildFile; fileRef = 135E4A272387E7D6008D3E44 /* ADCDN_UnRewardFullscreenVideoViewController.m */; };
		135E4A382387E7D6008D3E44 /* ADCDN_NativeCustomViewController.m in Sources */ = {isa = PBXBuildFile; fileRef = 135E4A282387E7D6008D3E44 /* ADCDN_NativeCustomViewController.m */; };
		135E4A392387E7D6008D3E44 /* ADCDN_NativeCustomRenderViewController.m in Sources */ = {isa = PBXBuildFile; fileRef = 135E4A292387E7D6008D3E44 /* ADCDN_NativeCustomRenderViewController.m */; };
		135E4A3A2387E7D6008D3E44 /* ADCDN_SplashViewController.m in Sources */ = {isa = PBXBuildFile; fileRef = 135E4A2A2387E7D6008D3E44 /* ADCDN_SplashViewController.m */; };
		135E4A3B2387E7D6008D3E44 /* ADCDN_BannerViewController.m in Sources */ = {isa = PBXBuildFile; fileRef = 135E4A2B2387E7D6008D3E44 /* ADCDN_BannerViewController.m */; };
		135E4A3C2387E7D6008D3E44 /* ADCDN_InterstitialViewController.m in Sources */ = {isa = PBXBuildFile; fileRef = 135E4A2D2387E7D6008D3E44 /* ADCDN_InterstitialViewController.m */; };
		135E4A3D2387E7D6008D3E44 /* ADCDN_RewardVideoViewController.m in Sources */ = {isa = PBXBuildFile; fileRef = 135E4A2E2387E7D6008D3E44 /* ADCDN_RewardVideoViewController.m */; };
		135E4A3E2387E7D6008D3E44 /* ADCDN_StringStyleTool.m in Sources */ = {isa = PBXBuildFile; fileRef = 135E4A322387E7D6008D3E44 /* ADCDN_StringStyleTool.m */; };
		13B0CE6F233C5FCD008AD2F9 /* AppDelegate.m in Sources */ = {isa = PBXBuildFile; fileRef = 13B0CE6E233C5FCD008AD2F9 /* AppDelegate.m */; };
		13B0CE75233C5FCD008AD2F9 /* Main.storyboard in Resources */ = {isa = PBXBuildFile; fileRef = 13B0CE73233C5FCD008AD2F9 /* Main.storyboard */; };
		13B0CE78233C5FCD008AD2F9 /* YX_AD_demo.xcdatamodeld in Sources */ = {isa = PBXBuildFile; fileRef = 13B0CE76233C5FCD008AD2F9 /* YX_AD_demo.xcdatamodeld */; };
		13B0CE7A233C5FD0008AD2F9 /* Assets.xcassets in Resources */ = {isa = PBXBuildFile; fileRef = 13B0CE79233C5FD0008AD2F9 /* Assets.xcassets */; };
		13B0CE7D233C5FD0008AD2F9 /* LaunchScreen.storyboard in Resources */ = {isa = PBXBuildFile; fileRef = 13B0CE7B233C5FD0008AD2F9 /* LaunchScreen.storyboard */; };
		13B0CE80233C5FD0008AD2F9 /* main.m in Sources */ = {isa = PBXBuildFile; fileRef = 13B0CE7F233C5FD0008AD2F9 /* main.m */; };
		43517B224BC5C899483C3BB3 /* libPods-YX_AD_demo.a in Frameworks */ = {isa = PBXBuildFile; fileRef = 9678C25C1DF00551B4A83E50 /* libPods-YX_AD_demo.a */; };
/* End PBXBuildFile section */

/* Begin PBXCopyFilesBuildPhase section */
		1326C5FF2366C048002FD1AC /* Embed Frameworks */ = {
			isa = PBXCopyFilesBuildPhase;
			buildActionMask = 2147483647;
			dstPath = "";
			dstSubfolderSpec = 10;
			files = (
			);
			name = "Embed Frameworks";
			runOnlyForDeploymentPostprocessing = 0;
		};
/* End PBXCopyFilesBuildPhase section */

/* Begin PBXFileReference section */
		131AB219238B6EB6000476A3 /* ADCDN.framework */ = {isa = PBXFileReference; lastKnownFileType = wrapper.framework; path = ADCDN.framework; sourceTree = "<group>"; };
		135E4A0B2387E785008D3E44 /* ADCDN_NativeViewController.m */ = {isa = PBXFileReference; fileEncoding = 4; lastKnownFileType = sourcecode.c.objc; path = ADCDN_NativeViewController.m; sourceTree = "<group>"; };
		135E4A0C2387E785008D3E44 /* ADCDN_SDKKey.h */ = {isa = PBXFileReference; fileEncoding = 4; lastKnownFileType = sourcecode.c.h; path = ADCDN_SDKKey.h; sourceTree = "<group>"; };
		135E4A0D2387E785008D3E44 /* ADCDN_NavigationController.h */ = {isa = PBXFileReference; fileEncoding = 4; lastKnownFileType = sourcecode.c.h; path = ADCDN_NavigationController.h; sourceTree = "<group>"; };
		135E4A0E2387E785008D3E44 /* ADCDN_VideoViewController.h */ = {isa = PBXFileReference; fileEncoding = 4; lastKnownFileType = sourcecode.c.h; path = ADCDN_VideoViewController.h; sourceTree = "<group>"; };
		135E4A0F2387E785008D3E44 /* ADCDN_NavigationController.m */ = {isa = PBXFileReference; fileEncoding = 4; lastKnownFileType = sourcecode.c.objc; path = ADCDN_NavigationController.m; sourceTree = "<group>"; };
		135E4A102387E785008D3E44 /* ADCDN_ViewController.m */ = {isa = PBXFileReference; fileEncoding = 4; lastKnownFileType = sourcecode.c.objc; path = ADCDN_ViewController.m; sourceTree = "<group>"; };
		135E4A112387E786008D3E44 /* ADCDN_NativeRenderViewController.m */ = {isa = PBXFileReference; fileEncoding = 4; lastKnownFileType = sourcecode.c.objc; path = ADCDN_NativeRenderViewController.m; sourceTree = "<group>"; };
		135E4A122387E786008D3E44 /* ADCDN_UnRewardViewController.m */ = {isa = PBXFileReference; fileEncoding = 4; lastKnownFileType = sourcecode.c.objc; path = ADCDN_UnRewardViewController.m; sourceTree = "<group>"; };
		135E4A132387E786008D3E44 /* ADCDN_NativeRenderViewController.h */ = {isa = PBXFileReference; fileEncoding = 4; lastKnownFileType = sourcecode.c.h; path = ADCDN_NativeRenderViewController.h; sourceTree = "<group>"; };
		135E4A142387E786008D3E44 /* ADCDN_VideoViewController.m */ = {isa = PBXFileReference; fileEncoding = 4; lastKnownFileType = sourcecode.c.objc; path = ADCDN_VideoViewController.m; sourceTree = "<group>"; };
		135E4A152387E786008D3E44 /* ADCDN_ViewController.h */ = {isa = PBXFileReference; fileEncoding = 4; lastKnownFileType = sourcecode.c.h; path = ADCDN_ViewController.h; sourceTree = "<group>"; };
		135E4A162387E786008D3E44 /* ADCDN_RewardViewController.m */ = {isa = PBXFileReference; fileEncoding = 4; lastKnownFileType = sourcecode.c.objc; path = ADCDN_RewardViewController.m; sourceTree = "<group>"; };
		135E4A172387E786008D3E44 /* ADCDN_RewardViewController.h */ = {isa = PBXFileReference; fileEncoding = 4; lastKnownFileType = sourcecode.c.h; path = ADCDN_RewardViewController.h; sourceTree = "<group>"; };
		135E4A182387E787008D3E44 /* ADCDN_UnRewardViewController.h */ = {isa = PBXFileReference; fileEncoding = 4; lastKnownFileType = sourcecode.c.h; path = ADCDN_UnRewardViewController.h; sourceTree = "<group>"; };
		135E4A192387E787008D3E44 /* ADCDN_PrefixHeader.pch */ = {isa = PBXFileReference; fileEncoding = 4; lastKnownFileType = sourcecode.c.h; path = ADCDN_PrefixHeader.pch; sourceTree = "<group>"; };
		135E4A1A2387E787008D3E44 /* ADCDN_NativeViewController.h */ = {isa = PBXFileReference; fileEncoding = 4; lastKnownFileType = sourcecode.c.h; path = ADCDN_NativeViewController.h; sourceTree = "<group>"; };
		135E4A232387E7D6008D3E44 /* ADCDN_BannerViewController.h */ = {isa = PBXFileReference; fileEncoding = 4; lastKnownFileType = sourcecode.c.h; path = ADCDN_BannerViewController.h; sourceTree = "<group>"; };
		135E4A242387E7D6008D3E44 /* ADCDN_RewardVideoViewController.h */ = {isa = PBXFileReference; fileEncoding = 4; lastKnownFileType = sourcecode.c.h; path = ADCDN_RewardVideoViewController.h; sourceTree = "<group>"; };
		135E4A252387E7D6008D3E44 /* ADCDN_InterstitialViewController.h */ = {isa = PBXFileReference; fileEncoding = 4; lastKnownFileType = sourcecode.c.h; path = ADCDN_InterstitialViewController.h; sourceTree = "<group>"; };
		135E4A262387E7D6008D3E44 /* ADCDN_NativeExpressViewController.m */ = {isa = PBXFileReference; fileEncoding = 4; lastKnownFileType = sourcecode.c.objc; path = ADCDN_NativeExpressViewController.m; sourceTree = "<group>"; };
		135E4A272387E7D6008D3E44 /* ADCDN_UnRewardFullscreenVideoViewController.m */ = {isa = PBXFileReference; fileEncoding = 4; lastKnownFileType = sourcecode.c.objc; path = ADCDN_UnRewardFullscreenVideoViewController.m; sourceTree = "<group>"; };
		135E4A282387E7D6008D3E44 /* ADCDN_NativeCustomViewController.m */ = {isa = PBXFileReference; fileEncoding = 4; lastKnownFileType = sourcecode.c.objc; path = ADCDN_NativeCustomViewController.m; sourceTree = "<group>"; };
		135E4A292387E7D6008D3E44 /* ADCDN_NativeCustomRenderViewController.m */ = {isa = PBXFileReference; fileEncoding = 4; lastKnownFileType = sourcecode.c.objc; path = ADCDN_NativeCustomRenderViewController.m; sourceTree = "<group>"; };
		135E4A2A2387E7D6008D3E44 /* ADCDN_SplashViewController.m */ = {isa = PBXFileReference; fileEncoding = 4; lastKnownFileType = sourcecode.c.objc; path = ADCDN_SplashViewController.m; sourceTree = "<group>"; };
		135E4A2B2387E7D6008D3E44 /* ADCDN_BannerViewController.m */ = {isa = PBXFileReference; fileEncoding = 4; lastKnownFileType = sourcecode.c.objc; path = ADCDN_BannerViewController.m; sourceTree = "<group>"; };
		135E4A2C2387E7D6008D3E44 /* ADCDN_NativeExpressViewController.h */ = {isa = PBXFileReference; fileEncoding = 4; lastKnownFileType = sourcecode.c.h; path = ADCDN_NativeExpressViewController.h; sourceTree = "<group>"; };
		135E4A2D2387E7D6008D3E44 /* ADCDN_InterstitialViewController.m */ = {isa = PBXFileReference; fileEncoding = 4; lastKnownFileType = sourcecode.c.objc; path = ADCDN_InterstitialViewController.m; sourceTree = "<group>"; };
		135E4A2E2387E7D6008D3E44 /* ADCDN_RewardVideoViewController.m */ = {isa = PBXFileReference; fileEncoding = 4; lastKnownFileType = sourcecode.c.objc; path = ADCDN_RewardVideoViewController.m; sourceTree = "<group>"; };
		135E4A2F2387E7D6008D3E44 /* ADCDN_NativeCustomViewController.h */ = {isa = PBXFileReference; fileEncoding = 4; lastKnownFileType = sourcecode.c.h; path = ADCDN_NativeCustomViewController.h; sourceTree = "<group>"; };
		135E4A302387E7D6008D3E44 /* ADCDN_UnRewardFullscreenVideoViewController.h */ = {isa = PBXFileReference; fileEncoding = 4; lastKnownFileType = sourcecode.c.h; path = ADCDN_UnRewardFullscreenVideoViewController.h; sourceTree = "<group>"; };
		135E4A322387E7D6008D3E44 /* ADCDN_StringStyleTool.m */ = {isa = PBXFileReference; fileEncoding = 4; lastKnownFileType = sourcecode.c.objc; path = ADCDN_StringStyleTool.m; sourceTree = "<group>"; };
		135E4A332387E7D6008D3E44 /* ADCDN_StringStyleTool.h */ = {isa = PBXFileReference; fileEncoding = 4; lastKnownFileType = sourcecode.c.h; path = ADCDN_StringStyleTool.h; sourceTree = "<group>"; };
		135E4A342387E7D6008D3E44 /* ADCDN_SplashViewController.h */ = {isa = PBXFileReference; fileEncoding = 4; lastKnownFileType = sourcecode.c.h; path = ADCDN_SplashViewController.h; sourceTree = "<group>"; };
		135E4A352387E7D6008D3E44 /* ADCDN_NativeCustomRenderViewController.h */ = {isa = PBXFileReference; fileEncoding = 4; lastKnownFileType = sourcecode.c.h; path = ADCDN_NativeCustomRenderViewController.h; sourceTree = "<group>"; };
		13B0CE6A233C5FCD008AD2F9 /* YX_AD_demo.app */ = {isa = PBXFileReference; explicitFileType = wrapper.application; includeInIndex = 0; path = YX_AD_demo.app; sourceTree = BUILT_PRODUCTS_DIR; };
		13B0CE6D233C5FCD008AD2F9 /* AppDelegate.h */ = {isa = PBXFileReference; lastKnownFileType = sourcecode.c.h; path = AppDelegate.h; sourceTree = "<group>"; };
		13B0CE6E233C5FCD008AD2F9 /* AppDelegate.m */ = {isa = PBXFileReference; lastKnownFileType = sourcecode.c.objc; path = AppDelegate.m; sourceTree = "<group>"; };
		13B0CE74233C5FCD008AD2F9 /* Base */ = {isa = PBXFileReference; lastKnownFileType = file.storyboard; name = Base; path = Base.lproj/Main.storyboard; sourceTree = "<group>"; };
		13B0CE77233C5FCD008AD2F9 /* YX_AD_demo.xcdatamodel */ = {isa = PBXFileReference; lastKnownFileType = wrapper.xcdatamodel; path = YX_AD_demo.xcdatamodel; sourceTree = "<group>"; };
		13B0CE79233C5FD0008AD2F9 /* Assets.xcassets */ = {isa = PBXFileReference; lastKnownFileType = folder.assetcatalog; path = Assets.xcassets; sourceTree = "<group>"; };
		13B0CE7C233C5FD0008AD2F9 /* Base */ = {isa = PBXFileReference; lastKnownFileType = file.storyboard; name = Base; path = Base.lproj/LaunchScreen.storyboard; sourceTree = "<group>"; };
		13B0CE7E233C5FD0008AD2F9 /* Info.plist */ = {isa = PBXFileReference; lastKnownFileType = text.plist.xml; path = Info.plist; sourceTree = "<group>"; };
		13B0CE7F233C5FD0008AD2F9 /* main.m */ = {isa = PBXFileReference; lastKnownFileType = sourcecode.c.objc; path = main.m; sourceTree = "<group>"; };
		374D43F27F7BAE77ACEFCF9D /* Pods-YX_AD_demo.debug.xcconfig */ = {isa = PBXFileReference; includeInIndex = 1; lastKnownFileType = text.xcconfig; name = "Pods-YX_AD_demo.debug.xcconfig"; path = "Target Support Files/Pods-YX_AD_demo/Pods-YX_AD_demo.debug.xcconfig"; sourceTree = "<group>"; };
		8FE9989B9AFF9513B27360ED /* Pods-YX_AD_demo.release.xcconfig */ = {isa = PBXFileReference; includeInIndex = 1; lastKnownFileType = text.xcconfig; name = "Pods-YX_AD_demo.release.xcconfig"; path = "Target Support Files/Pods-YX_AD_demo/Pods-YX_AD_demo.release.xcconfig"; sourceTree = "<group>"; };
		9678C25C1DF00551B4A83E50 /* libPods-YX_AD_demo.a */ = {isa = PBXFileReference; explicitFileType = archive.ar; includeInIndex = 0; path = "libPods-YX_AD_demo.a"; sourceTree = BUILT_PRODUCTS_DIR; };
/* End PBXFileReference section */

/* Begin PBXFrameworksBuildPhase section */
		13B0CE67233C5FCD008AD2F9 /* Frameworks */ = {
			isa = PBXFrameworksBuildPhase;
			buildActionMask = 2147483647;
			files = (
				43517B224BC5C899483C3BB3 /* libPods-YX_AD_demo.a in Frameworks */,
				131AB21A238B6EB6000476A3 /* ADCDN.framework in Frameworks */,
			);
			runOnlyForDeploymentPostprocessing = 0;
		};
/* End PBXFrameworksBuildPhase section */

/* Begin PBXGroup section */
		134CA4BD234047BE0070BB9A /* ADCDN_SDK */ = {
			isa = PBXGroup;
			children = (
				131AB219238B6EB6000476A3 /* ADCDN.framework */,
			);
			path = ADCDN_SDK;
			sourceTree = "<group>";
		};
		135E4A222387E7D6008D3E44 /* menu */ = {
			isa = PBXGroup;
			children = (
				135E4A342387E7D6008D3E44 /* ADCDN_SplashViewController.h */,
				135E4A2A2387E7D6008D3E44 /* ADCDN_SplashViewController.m */,
				135E4A232387E7D6008D3E44 /* ADCDN_BannerViewController.h */,
				135E4A2B2387E7D6008D3E44 /* ADCDN_BannerViewController.m */,
				135E4A252387E7D6008D3E44 /* ADCDN_InterstitialViewController.h */,
				135E4A2D2387E7D6008D3E44 /* ADCDN_InterstitialViewController.m */,
				135E4A242387E7D6008D3E44 /* ADCDN_RewardVideoViewController.h */,
				135E4A2E2387E7D6008D3E44 /* ADCDN_RewardVideoViewController.m */,
				135E4A2C2387E7D6008D3E44 /* ADCDN_NativeExpressViewController.h */,
				135E4A262387E7D6008D3E44 /* ADCDN_NativeExpressViewController.m */,
				135E4A302387E7D6008D3E44 /* ADCDN_UnRewardFullscreenVideoViewController.h */,
				135E4A272387E7D6008D3E44 /* ADCDN_UnRewardFullscreenVideoViewController.m */,
				135E4A352387E7D6008D3E44 /* ADCDN_NativeCustomRenderViewController.h */,
				135E4A292387E7D6008D3E44 /* ADCDN_NativeCustomRenderViewController.m */,
				135E4A2F2387E7D6008D3E44 /* ADCDN_NativeCustomViewController.h */,
				135E4A282387E7D6008D3E44 /* ADCDN_NativeCustomViewController.m */,
				135E4A312387E7D6008D3E44 /* Tool */,
			);
			path = menu;
			sourceTree = "<group>";
		};
		135E4A312387E7D6008D3E44 /* Tool */ = {
			isa = PBXGroup;
			children = (
				135E4A322387E7D6008D3E44 /* ADCDN_StringStyleTool.m */,
				135E4A332387E7D6008D3E44 /* ADCDN_StringStyleTool.h */,
			);
			path = Tool;
			sourceTree = "<group>";
		};
		13B0CE61233C5FCD008AD2F9 = {
			isa = PBXGroup;
			children = (
				13B0CE6C233C5FCD008AD2F9 /* YX_AD_demo */,
				13B0CE6B233C5FCD008AD2F9 /* Products */,
				BA587A2488786111B67D5A7F /* Pods */,
				852E204C02B9438C4FAADFEE /* Frameworks */,
			);
			sourceTree = "<group>";
		};
		13B0CE6B233C5FCD008AD2F9 /* Products */ = {
			isa = PBXGroup;
			children = (
				13B0CE6A233C5FCD008AD2F9 /* YX_AD_demo.app */,
			);
			name = Products;
			sourceTree = "<group>";
		};
		13B0CE6C233C5FCD008AD2F9 /* YX_AD_demo */ = {
			isa = PBXGroup;
			children = (
				134CA4BD234047BE0070BB9A /* ADCDN_SDK */,
				13B0CE6D233C5FCD008AD2F9 /* AppDelegate.h */,
				13B0CE6E233C5FCD008AD2F9 /* AppDelegate.m */,
				135E4A192387E787008D3E44 /* ADCDN_PrefixHeader.pch */,
				135E4A0C2387E785008D3E44 /* ADCDN_SDKKey.h */,
				135E4A152387E786008D3E44 /* ADCDN_ViewController.h */,
				135E4A102387E785008D3E44 /* ADCDN_ViewController.m */,
				135E4A0B2387E785008D3E44 /* ADCDN_NativeViewController.m */,
				135E4A0D2387E785008D3E44 /* ADCDN_NavigationController.h */,
				135E4A132387E786008D3E44 /* ADCDN_NativeRenderViewController.h */,
				135E4A112387E786008D3E44 /* ADCDN_NativeRenderViewController.m */,
				135E4A1A2387E787008D3E44 /* ADCDN_NativeViewController.h */,
				135E4A0F2387E785008D3E44 /* ADCDN_NavigationController.m */,
				135E4A172387E786008D3E44 /* ADCDN_RewardViewController.h */,
				135E4A162387E786008D3E44 /* ADCDN_RewardViewController.m */,
				135E4A182387E787008D3E44 /* ADCDN_UnRewardViewController.h */,
				135E4A122387E786008D3E44 /* ADCDN_UnRewardViewController.m */,
				135E4A0E2387E785008D3E44 /* ADCDN_VideoViewController.h */,
				135E4A142387E786008D3E44 /* ADCDN_VideoViewController.m */,
				135E4A222387E7D6008D3E44 /* menu */,
				13B0CE73233C5FCD008AD2F9 /* Main.storyboard */,
				13B0CE79233C5FD0008AD2F9 /* Assets.xcassets */,
				13B0CE7B233C5FD0008AD2F9 /* LaunchScreen.storyboard */,
				13B0CE7E233C5FD0008AD2F9 /* Info.plist */,
				13B0CE7F233C5FD0008AD2F9 /* main.m */,
				13B0CE76233C5FCD008AD2F9 /* YX_AD_demo.xcdatamodeld */,
			);
			path = YX_AD_demo;
			sourceTree = "<group>";
		};
		852E204C02B9438C4FAADFEE /* Frameworks */ = {
			isa = PBXGroup;
			children = (
				9678C25C1DF00551B4A83E50 /* libPods-YX_AD_demo.a */,
			);
			name = Frameworks;
			sourceTree = "<group>";
		};
		BA587A2488786111B67D5A7F /* Pods */ = {
			isa = PBXGroup;
			children = (
				374D43F27F7BAE77ACEFCF9D /* Pods-YX_AD_demo.debug.xcconfig */,
				8FE9989B9AFF9513B27360ED /* Pods-YX_AD_demo.release.xcconfig */,
			);
			path = Pods;
			sourceTree = "<group>";
		};
/* End PBXGroup section */

/* Begin PBXNativeTarget section */
		13B0CE69233C5FCD008AD2F9 /* YX_AD_demo */ = {
			isa = PBXNativeTarget;
			buildConfigurationList = 13B0CE83233C5FD0008AD2F9 /* Build configuration list for PBXNativeTarget "YX_AD_demo" */;
			buildPhases = (
				57D5A9F972FC79F427B9E106 /* [CP] Check Pods Manifest.lock */,
				13B0CE66233C5FCD008AD2F9 /* Sources */,
				13B0CE67233C5FCD008AD2F9 /* Frameworks */,
				13B0CE68233C5FCD008AD2F9 /* Resources */,
				1326C5FF2366C048002FD1AC /* Embed Frameworks */,
				531D91C75D93864BE4B7E6F2 /* [CP] Copy Pods Resources */,
			);
			buildRules = (
			);
			dependencies = (
			);
			name = YX_AD_demo;
			productName = YX_AD_demo;
			productReference = 13B0CE6A233C5FCD008AD2F9 /* YX_AD_demo.app */;
			productType = "com.apple.product-type.application";
		};
/* End PBXNativeTarget section */

/* Begin PBXProject section */
		13B0CE62233C5FCD008AD2F9 /* Project object */ = {
			isa = PBXProject;
			attributes = {
				CLASSPREFIX = ADCDN_;
				LastUpgradeCheck = 1030;
				ORGANIZATIONNAME = pst;
				TargetAttributes = {
					13B0CE69233C5FCD008AD2F9 = {
						CreatedOnToolsVersion = 10.3;
					};
				};
			};
			buildConfigurationList = 13B0CE65233C5FCD008AD2F9 /* Build configuration list for PBXProject "YX_AD_demo" */;
			compatibilityVersion = "Xcode 9.3";
			developmentRegion = en;
			hasScannedForEncodings = 0;
			knownRegions = (
				en,
				Base,
			);
			mainGroup = 13B0CE61233C5FCD008AD2F9;
			productRefGroup = 13B0CE6B233C5FCD008AD2F9 /* Products */;
			projectDirPath = "";
			projectRoot = "";
			targets = (
				13B0CE69233C5FCD008AD2F9 /* YX_AD_demo */,
			);
		};
/* End PBXProject section */

/* Begin PBXResourcesBuildPhase section */
		13B0CE68233C5FCD008AD2F9 /* Resources */ = {
			isa = PBXResourcesBuildPhase;
			buildActionMask = 2147483647;
			files = (
				13B0CE7D233C5FD0008AD2F9 /* LaunchScreen.storyboard in Resources */,
				13B0CE7A233C5FD0008AD2F9 /* Assets.xcassets in Resources */,
				13B0CE75233C5FCD008AD2F9 /* Main.storyboard in Resources */,
			);
			runOnlyForDeploymentPostprocessing = 0;
		};
/* End PBXResourcesBuildPhase section */

/* Begin PBXShellScriptBuildPhase section */
		531D91C75D93864BE4B7E6F2 /* [CP] Copy Pods Resources */ = {
			isa = PBXShellScriptBuildPhase;
			buildActionMask = 2147483647;
			files = (
			);
			inputFileListPaths = (
			);
			inputPaths = (
				"${PODS_ROOT}/Target Support Files/Pods-YX_AD_demo/Pods-YX_AD_demo-resources.sh",
				"${PODS_ROOT}/Bytedance-UnionAD/Bytedance-UnionAd/Frameworks/BUAdSDK.bundle",
			);
			name = "[CP] Copy Pods Resources";
			outputFileListPaths = (
			);
			outputPaths = (
				"${TARGET_BUILD_DIR}/${UNLOCALIZED_RESOURCES_FOLDER_PATH}/BUAdSDK.bundle",
			);
			runOnlyForDeploymentPostprocessing = 0;
			shellPath = /bin/sh;
			shellScript = "\"${PODS_ROOT}/Target Support Files/Pods-YX_AD_demo/Pods-YX_AD_demo-resources.sh\"\n";
			showEnvVarsInLog = 0;
		};
		57D5A9F972FC79F427B9E106 /* [CP] Check Pods Manifest.lock */ = {
			isa = PBXShellScriptBuildPhase;
			buildActionMask = 2147483647;
			files = (
			);
			inputFileListPaths = (
			);
			inputPaths = (
				"${PODS_PODFILE_DIR_PATH}/Podfile.lock",
				"${PODS_ROOT}/Manifest.lock",
			);
			name = "[CP] Check Pods Manifest.lock";
			outputFileListPaths = (
			);
			outputPaths = (
				"$(DERIVED_FILE_DIR)/Pods-YX_AD_demo-checkManifestLockResult.txt",
			);
			runOnlyForDeploymentPostprocessing = 0;
			shellPath = /bin/sh;
			shellScript = "diff \"${PODS_PODFILE_DIR_PATH}/Podfile.lock\" \"${PODS_ROOT}/Manifest.lock\" > /dev/null\nif [ $? != 0 ] ; then\n    # print error to STDERR\n    echo \"error: The sandbox is not in sync with the Podfile.lock. Run 'pod install' or update your CocoaPods installation.\" >&2\n    exit 1\nfi\n# This output is used by Xcode 'outputs' to avoid re-running this script phase.\necho \"SUCCESS\" > \"${SCRIPT_OUTPUT_FILE_0}\"\n";
			showEnvVarsInLog = 0;
		};
/* End PBXShellScriptBuildPhase section */

/* Begin PBXSourcesBuildPhase section */
		13B0CE66233C5FCD008AD2F9 /* Sources */ = {
			isa = PBXSourcesBuildPhase;
			buildActionMask = 2147483647;
			files = (
				135E4A3C2387E7D6008D3E44 /* ADCDN_InterstitialViewController.m in Sources */,
				13B0CE78233C5FCD008AD2F9 /* YX_AD_demo.xcdatamodeld in Sources */,
				135E4A382387E7D6008D3E44 /* ADCDN_NativeCustomViewController.m in Sources */,
				135E4A1F2387E787008D3E44 /* ADCDN_UnRewardViewController.m in Sources */,
				135E4A212387E787008D3E44 /* ADCDN_RewardViewController.m in Sources */,
				135E4A202387E787008D3E44 /* ADCDN_VideoViewController.m in Sources */,
				135E4A3B2387E7D6008D3E44 /* ADCDN_BannerViewController.m in Sources */,
				13B0CE80233C5FD0008AD2F9 /* main.m in Sources */,
				135E4A1C2387E787008D3E44 /* ADCDN_NavigationController.m in Sources */,
				135E4A392387E7D6008D3E44 /* ADCDN_NativeCustomRenderViewController.m in Sources */,
				135E4A3E2387E7D6008D3E44 /* ADCDN_StringStyleTool.m in Sources */,
				135E4A1B2387E787008D3E44 /* ADCDN_NativeViewController.m in Sources */,
				135E4A362387E7D6008D3E44 /* ADCDN_NativeExpressViewController.m in Sources */,
				13B0CE6F233C5FCD008AD2F9 /* AppDelegate.m in Sources */,
				135E4A1E2387E787008D3E44 /* ADCDN_NativeRenderViewController.m in Sources */,
				135E4A3D2387E7D6008D3E44 /* ADCDN_RewardVideoViewController.m in Sources */,
				135E4A372387E7D6008D3E44 /* ADCDN_UnRewardFullscreenVideoViewController.m in Sources */,
				135E4A1D2387E787008D3E44 /* ADCDN_ViewController.m in Sources */,
				135E4A3A2387E7D6008D3E44 /* ADCDN_SplashViewController.m in Sources */,
			);
			runOnlyForDeploymentPostprocessing = 0;
		};
/* End PBXSourcesBuildPhase section */

/* Begin PBXVariantGroup section */
		13B0CE73233C5FCD008AD2F9 /* Main.storyboard */ = {
			isa = PBXVariantGroup;
			children = (
				13B0CE74233C5FCD008AD2F9 /* Base */,
			);
			name = Main.storyboard;
			sourceTree = "<group>";
		};
		13B0CE7B233C5FD0008AD2F9 /* LaunchScreen.storyboard */ = {
			isa = PBXVariantGroup;
			children = (
				13B0CE7C233C5FD0008AD2F9 /* Base */,
			);
			name = LaunchScreen.storyboard;
			sourceTree = "<group>";
		};
/* End PBXVariantGroup section */

/* Begin XCBuildConfiguration section */
		13B0CE81233C5FD0008AD2F9 /* Debug */ = {
			isa = XCBuildConfiguration;
			buildSettings = {
				ALWAYS_SEARCH_USER_PATHS = NO;
				CLANG_ANALYZER_NONNULL = YES;
				CLANG_ANALYZER_NUMBER_OBJECT_CONVERSION = YES_AGGRESSIVE;
				CLANG_CXX_LANGUAGE_STANDARD = "gnu++14";
				CLANG_CXX_LIBRARY = "libc++";
				CLANG_ENABLE_MODULES = YES;
				CLANG_ENABLE_OBJC_ARC = YES;
				CLANG_ENABLE_OBJC_WEAK = YES;
				CLANG_WARN_BLOCK_CAPTURE_AUTORELEASING = YES;
				CLANG_WARN_BOOL_CONVERSION = YES;
				CLANG_WARN_COMMA = YES;
				CLANG_WARN_CONSTANT_CONVERSION = YES;
				CLANG_WARN_DEPRECATED_OBJC_IMPLEMENTATIONS = YES;
				CLANG_WARN_DIRECT_OBJC_ISA_USAGE = YES_ERROR;
				CLANG_WARN_DOCUMENTATION_COMMENTS = YES;
				CLANG_WARN_EMPTY_BODY = YES;
				CLANG_WARN_ENUM_CONVERSION = YES;
				CLANG_WARN_INFINITE_RECURSION = YES;
				CLANG_WARN_INT_CONVERSION = YES;
				CLANG_WARN_NON_LITERAL_NULL_CONVERSION = YES;
				CLANG_WARN_OBJC_IMPLICIT_RETAIN_SELF = YES;
				CLANG_WARN_OBJC_LITERAL_CONVERSION = YES;
				CLANG_WARN_OBJC_ROOT_CLASS = YES_ERROR;
				CLANG_WARN_RANGE_LOOP_ANALYSIS = YES;
				CLANG_WARN_STRICT_PROTOTYPES = YES;
				CLANG_WARN_SUSPICIOUS_MOVE = YES;
				CLANG_WARN_UNGUARDED_AVAILABILITY = YES_AGGRESSIVE;
				CLANG_WARN_UNREACHABLE_CODE = YES;
				CLANG_WARN__DUPLICATE_METHOD_MATCH = YES;
				CODE_SIGN_IDENTITY = "iPhone Developer";
				COPY_PHASE_STRIP = NO;
				DEBUG_INFORMATION_FORMAT = dwarf;
				ENABLE_STRICT_OBJC_MSGSEND = YES;
				ENABLE_TESTABILITY = YES;
				GCC_C_LANGUAGE_STANDARD = gnu11;
				GCC_DYNAMIC_NO_PIC = NO;
				GCC_NO_COMMON_BLOCKS = YES;
				GCC_OPTIMIZATION_LEVEL = 0;
				GCC_PREPROCESSOR_DEFINITIONS = (
					"DEBUG=1",
					"$(inherited)",
				);
				GCC_WARN_64_TO_32_BIT_CONVERSION = YES;
				GCC_WARN_ABOUT_RETURN_TYPE = YES_ERROR;
				GCC_WARN_UNDECLARED_SELECTOR = YES;
				GCC_WARN_UNINITIALIZED_AUTOS = YES_AGGRESSIVE;
				GCC_WARN_UNUSED_FUNCTION = YES;
				GCC_WARN_UNUSED_VARIABLE = YES;
				IPHONEOS_DEPLOYMENT_TARGET = 12.4;
				MTL_ENABLE_DEBUG_INFO = INCLUDE_SOURCE;
				MTL_FAST_MATH = YES;
				ONLY_ACTIVE_ARCH = YES;
				SDKROOT = iphoneos;
			};
			name = Debug;
		};
		13B0CE82233C5FD0008AD2F9 /* Release */ = {
			isa = XCBuildConfiguration;
			buildSettings = {
				ALWAYS_SEARCH_USER_PATHS = NO;
				CLANG_ANALYZER_NONNULL = YES;
				CLANG_ANALYZER_NUMBER_OBJECT_CONVERSION = YES_AGGRESSIVE;
				CLANG_CXX_LANGUAGE_STANDARD = "gnu++14";
				CLANG_CXX_LIBRARY = "libc++";
				CLANG_ENABLE_MODULES = YES;
				CLANG_ENABLE_OBJC_ARC = YES;
				CLANG_ENABLE_OBJC_WEAK = YES;
				CLANG_WARN_BLOCK_CAPTURE_AUTORELEASING = YES;
				CLANG_WARN_BOOL_CONVERSION = YES;
				CLANG_WARN_COMMA = YES;
				CLANG_WARN_CONSTANT_CONVERSION = YES;
				CLANG_WARN_DEPRECATED_OBJC_IMPLEMENTATIONS = YES;
				CLANG_WARN_DIRECT_OBJC_ISA_USAGE = YES_ERROR;
				CLANG_WARN_DOCUMENTATION_COMMENTS = YES;
				CLANG_WARN_EMPTY_BODY = YES;
				CLANG_WARN_ENUM_CONVERSION = YES;
				CLANG_WARN_INFINITE_RECURSION = YES;
				CLANG_WARN_INT_CONVERSION = YES;
				CLANG_WARN_NON_LITERAL_NULL_CONVERSION = YES;
				CLANG_WARN_OBJC_IMPLICIT_RETAIN_SELF = YES;
				CLANG_WARN_OBJC_LITERAL_CONVERSION = YES;
				CLANG_WARN_OBJC_ROOT_CLASS = YES_ERROR;
				CLANG_WARN_RANGE_LOOP_ANALYSIS = YES;
				CLANG_WARN_STRICT_PROTOTYPES = YES;
				CLANG_WARN_SUSPICIOUS_MOVE = YES;
				CLANG_WARN_UNGUARDED_AVAILABILITY = YES_AGGRESSIVE;
				CLANG_WARN_UNREACHABLE_CODE = YES;
				CLANG_WARN__DUPLICATE_METHOD_MATCH = YES;
				CODE_SIGN_IDENTITY = "iPhone Developer";
				COPY_PHASE_STRIP = NO;
				DEBUG_INFORMATION_FORMAT = "dwarf-with-dsym";
				ENABLE_NS_ASSERTIONS = NO;
				ENABLE_STRICT_OBJC_MSGSEND = YES;
				GCC_C_LANGUAGE_STANDARD = gnu11;
				GCC_NO_COMMON_BLOCKS = YES;
				GCC_WARN_64_TO_32_BIT_CONVERSION = YES;
				GCC_WARN_ABOUT_RETURN_TYPE = YES_ERROR;
				GCC_WARN_UNDECLARED_SELECTOR = YES;
				GCC_WARN_UNINITIALIZED_AUTOS = YES_AGGRESSIVE;
				GCC_WARN_UNUSED_FUNCTION = YES;
				GCC_WARN_UNUSED_VARIABLE = YES;
				IPHONEOS_DEPLOYMENT_TARGET = 12.4;
				MTL_ENABLE_DEBUG_INFO = NO;
				MTL_FAST_MATH = YES;
				SDKROOT = iphoneos;
				VALIDATE_PRODUCT = YES;
			};
			name = Release;
		};
		13B0CE84233C5FD0008AD2F9 /* Debug */ = {
			isa = XCBuildConfiguration;
			baseConfigurationReference = 374D43F27F7BAE77ACEFCF9D /* Pods-YX_AD_demo.debug.xcconfig */;
			buildSettings = {
				ASSETCATALOG_COMPILER_APPICON_NAME = AppIcon;
				CODE_SIGN_IDENTITY = "Apple Development";
				CODE_SIGN_STYLE = Automatic;
				CURRENT_PROJECT_VERSION = 1;
				DEVELOPMENT_TEAM = 7R2TNFXPGH;
				ENABLE_BITCODE = NO;
				FRAMEWORK_SEARCH_PATHS = (
					"$(inherited)",
					"$(PROJECT_DIR)/YX_AD_demo",
					"$(PROJECT_DIR)/YX_AD_demo/ADCDN_SDK",
					"$(PROJECT_DIR)",
				);
				GCC_GENERATE_DEBUGGING_SYMBOLS = YES;
				GCC_PREFIX_HEADER = "$(SRCROOT)/YX_AD_demo/ADCDN_PrefixHeader.pch";
				INFOPLIST_FILE = YX_AD_demo/Info.plist;
				IPHONEOS_DEPLOYMENT_TARGET = 9.0;
				LD_RUNPATH_SEARCH_PATHS = (
					"$(inherited)",
					"@executable_path/Frameworks",
				);
				MARKETING_VERSION = 1.0.1;
				PRODUCT_BUNDLE_IDENTIFIER = "pst.YX-AD-demo";
				PRODUCT_NAME = "$(TARGET_NAME)";
				PROVISIONING_PROFILE_SPECIFIER = "";
				TARGETED_DEVICE_FAMILY = 1;
			};
			name = Debug;
		};
		13B0CE85233C5FD0008AD2F9 /* Release */ = {
			isa = XCBuildConfiguration;
			baseConfigurationReference = 8FE9989B9AFF9513B27360ED /* Pods-YX_AD_demo.release.xcconfig */;
			buildSettings = {
				ASSETCATALOG_COMPILER_APPICON_NAME = AppIcon;
				CODE_SIGN_IDENTITY = "Apple Development";
				CODE_SIGN_STYLE = Automatic;
				CURRENT_PROJECT_VERSION = 1;
				DEVELOPMENT_TEAM = 7R2TNFXPGH;
				ENABLE_BITCODE = NO;
				FRAMEWORK_SEARCH_PATHS = (
					"$(inherited)",
					"$(PROJECT_DIR)/YX_AD_demo",
					"$(PROJECT_DIR)/YX_AD_demo/ADCDN_SDK",
					"$(PROJECT_DIR)",
				);
				GCC_PREFIX_HEADER = "$(SRCROOT)/YX_AD_demo/ADCDN_PrefixHeader.pch";
				INFOPLIST_FILE = YX_AD_demo/Info.plist;
				IPHONEOS_DEPLOYMENT_TARGET = 9.0;
				LD_RUNPATH_SEARCH_PATHS = (
					"$(inherited)",
					"@executable_path/Frameworks",
				);
				MARKETING_VERSION = 1.0.1;
				PRODUCT_BUNDLE_IDENTIFIER = "pst.YX-AD-demo";
				PRODUCT_NAME = "$(TARGET_NAME)";
				PROVISIONING_PROFILE_SPECIFIER = "";
				TARGETED_DEVICE_FAMILY = 1;
			};
			name = Release;
		};
/* End XCBuildConfiguration section */

/* Begin XCConfigurationList section */
		13B0CE65233C5FCD008AD2F9 /* Build configuration list for PBXProject "YX_AD_demo" */ = {
			isa = XCConfigurationList;
			buildConfigurations = (
				13B0CE81233C5FD0008AD2F9 /* Debug */,
				13B0CE82233C5FD0008AD2F9 /* Release */,
			);
			defaultConfigurationIsVisible = 0;
			defaultConfigurationName = Release;
		};
		13B0CE83233C5FD0008AD2F9 /* Build configuration list for PBXNativeTarget "YX_AD_demo" */ = {
			isa = XCConfigurationList;
			buildConfigurations = (
				13B0CE84233C5FD0008AD2F9 /* Debug */,
				13B0CE85233C5FD0008AD2F9 /* Release */,
			);
			defaultConfigurationIsVisible = 0;
			defaultConfigurationName = Release;
		};
/* End XCConfigurationList section */

/* Begin XCVersionGroup section */
		13B0CE76233C5FCD008AD2F9 /* YX_AD_demo.xcdatamodeld */ = {
			isa = XCVersionGroup;
			children = (
				13B0CE77233C5FCD008AD2F9 /* YX_AD_demo.xcdatamodel */,
			);
			currentVersion = 13B0CE77233C5FCD008AD2F9 /* YX_AD_demo.xcdatamodel */;
			path = YX_AD_demo.xcdatamodeld;
			sourceTree = "<group>";
			versionGroupType = wrapper.xcdatamodel;
		};
/* End XCVersionGroup section */
	};
	rootObject = 13B0CE62233C5FCD008AD2F9 /* Project object */;
}
